// !$*UTF8*$!
{
	archiveVersion = 1;
	classes = {
	};
	objectVersion = 46;
	objects = {

/* Begin PBXBuildFile section */
		DC39E9681BDE73940091A84B /* AppDelegate.swift in Sources */ = {isa = PBXBuildFile; fileRef = DC39E9671BDE73940091A84B /* AppDelegate.swift */; };
		DC39E96A1BDE73940091A84B /* ViewController.swift in Sources */ = {isa = PBXBuildFile; fileRef = DC39E9691BDE73940091A84B /* ViewController.swift */; };
		DC39E96D1BDE73940091A84B /* Main.storyboard in Resources */ = {isa = PBXBuildFile; fileRef = DC39E96B1BDE73940091A84B /* Main.storyboard */; };
		DC39E96F1BDE73940091A84B /* Assets.xcassets in Resources */ = {isa = PBXBuildFile; fileRef = DC39E96E1BDE73940091A84B /* Assets.xcassets */; };
		DC39E9721BDE73940091A84B /* LaunchScreen.storyboard in Resources */ = {isa = PBXBuildFile; fileRef = DC39E9701BDE73940091A84B /* LaunchScreen.storyboard */; };
		DC953B311BE0434E002C358D /* Person.swift in Sources */ = {isa = PBXBuildFile; fileRef = DC953B301BE0434E002C358D /* Person.swift */; settings = {ASSET_TAGS = (); }; };
/* End PBXBuildFile section */

/* Begin PBXFileReference section */
		DC39E9641BDE73940091A84B /* PersonUpdater.app */ = {isa = PBXFileReference; explicitFileType = wrapper.application; includeInIndex = 0; path = PersonUpdater.app; sourceTree = BUILT_PRODUCTS_DIR; };
		DC39E9671BDE73940091A84B /* AppDelegate.swift */ = {isa = PBXFileReference; lastKnownFileType = sourcecode.swift; path = AppDelegate.swift; sourceTree = "<group>"; };
		DC39E9691BDE73940091A84B /* ViewController.swift */ = {isa = PBXFileReference; lastKnownFileType = sourcecode.swift; path = ViewController.swift; sourceTree = "<group>"; };
		DC39E96C1BDE73940091A84B /* Base */ = {isa = PBXFileReference; lastKnownFileType = file.storyboard; name = Base; path = Base.lproj/Main.storyboard; sourceTree = "<group>"; };
		DC39E96E1BDE73940091A84B /* Assets.xcassets */ = {isa = PBXFileReference; lastKnownFileType = folder.assetcatalog; path = Assets.xcassets; sourceTree = "<group>"; };
		DC39E9711BDE73940091A84B /* Base */ = {isa = PBXFileReference; lastKnownFileType = file.storyboard; name = Base; path = Base.lproj/LaunchScreen.storyboard; sourceTree = "<group>"; };
		DC39E9731BDE73940091A84B /* Info.plist */ = {isa = PBXFileReference; lastKnownFileType = text.plist.xml; path = Info.plist; sourceTree = "<group>"; };
		DC953B301BE0434E002C358D /* Person.swift */ = {isa = PBXFileReference; fileEncoding = 4; lastKnownFileType = sourcecode.swift; path = Person.swift; sourceTree = "<group>"; };
/* End PBXFileReference section */

/* Begin PBXFrameworksBuildPhase section */
		DC39E9611BDE73940091A84B /* Frameworks */ = {
			isa = PBXFrameworksBuildPhase;
			buildActionMask = 2147483647;
			files = (
			);
			runOnlyForDeploymentPostprocessing = 0;
		};
/* End PBXFrameworksBuildPhase section */

/* Begin PBXGroup section */
		DC39E95B1BDE73940091A84B = {
			isa = PBXGroup;
			children = (
				DC39E9661BDE73940091A84B /* PersonUpdater */,
				DC39E9651BDE73940091A84B /* Products */,
			);
			sourceTree = "<group>";
		};
		DC39E9651BDE73940091A84B /* Products */ = {
			isa = PBXGroup;
			children = (
				DC39E9641BDE73940091A84B /* PersonUpdater.app */,
			);
			name = Products;
			sourceTree = "<group>";
		};
		DC39E9661BDE73940091A84B /* PersonUpdater */ = {
			isa = PBXGroup;
			children = (
				DC39E9671BDE73940091A84B /* AppDelegate.swift */,
				DC953B301BE0434E002C358D /* Person.swift */,
				DC39E9691BDE73940091A84B /* ViewController.swift */,
				DC39E96B1BDE73940091A84B /* Main.storyboard */,
				DC39E96E1BDE73940091A84B /* Assets.xcassets */,
				DC39E9701BDE73940091A84B /* LaunchScreen.storyboard */,
				DC39E9731BDE73940091A84B /* Info.plist */,
			);
			path = PersonUpdater;
			sourceTree = "<group>";
		};
/* End PBXGroup section */

/* Begin PBXNativeTarget section */
		DC39E9631BDE73940091A84B /* PersonUpdater */ = {
			isa = PBXNativeTarget;
			buildConfigurationList = DC39E9761BDE73940091A84B /* Build configuration list for PBXNativeTarget "PersonUpdater" */;
			buildPhases = (
				DC39E9601BDE73940091A84B /* Sources */,
				DC39E9611BDE73940091A84B /* Frameworks */,
				DC39E9621BDE73940091A84B /* Resources */,
			);
			buildRules = (
			);
			dependencies = (
			);
			name = PersonUpdater;
			productName = PersonUpdater;
			productReference = DC39E9641BDE73940091A84B /* PersonUpdater.app */;
			productType = "com.apple.product-type.application";
		};
/* End PBXNativeTarget section */

/* Begin PBXProject section */
		DC39E95C1BDE73940091A84B /* Project object */ = {
			isa = PBXProject;
			attributes = {
				LastUpgradeCheck = 0700;
				ORGANIZATIONNAME = "Brandon Gottlob";
				TargetAttributes = {
					DC39E9631BDE73940091A84B = {
						CreatedOnToolsVersion = 7.0.1;
					};
				};
			};
			buildConfigurationList = DC39E95F1BDE73940091A84B /* Build configuration list for PBXProject "PersonUpdater" */;
			compatibilityVersion = "Xcode 3.2";
			developmentRegion = English;
			hasScannedForEncodings = 0;
			knownRegions = (
				en,
				Base,
			);
			mainGroup = DC39E95B1BDE73940091A84B;
			productRefGroup = DC39E9651BDE73940091A84B /* Products */;
			projectDirPath = "";
			projectRoot = "";
			targets = (
				DC39E9631BDE73940091A84B /* PersonUpdater */,
			);
		};
/* End PBXProject section */

/* Begin PBXResourcesBuildPhase section */
		DC39E9621BDE73940091A84B /* Resources */ = {
			isa = PBXResourcesBuildPhase;
			buildActionMask = 2147483647;
			files = (
				DC39E9721BDE73940091A84B /* LaunchScreen.storyboard in Resources */,
				DC39E96F1BDE73940091A84B /* Assets.xcassets in Resources */,
				DC39E96D1BDE73940091A84B /* Main.storyboard in Resources */,
			);
			runOnlyForDeploymentPostprocessing = 0;
		};
/* End PBXResourcesBuildPhase section */

/* Begin PBXSourcesBuildPhase section */
		DC39E9601BDE73940091A84B /* Sources */ = {
			isa = PBXSourcesBuildPhase;
			buildActionMask = 2147483647;
			files = (
				DC953B311BE0434E002C358D /* Person.swift in Sources */,
				DC39E96A1BDE73940091A84B /* ViewController.swift in Sources */,
				DC39E9681BDE73940091A84B /* AppDelegate.swift in Sources */,
			);
			runOnlyForDeploymentPostprocessing = 0;
		};
/* End PBXSourcesBuildPhase section */

/* Begin PBXVariantGroup section */
		DC39E96B1BDE73940091A84B /* Main.storyboard */ = {
			isa = PBXVariantGroup;
			children = (
				DC39E96C1BDE73940091A84B /* Base */,
			);
			name = Main.storyboard;
			sourceTree = "<group>";
		};
		DC39E9701BDE73940091A84B /* LaunchScreen.storyboard */ = {
			isa = PBXVariantGroup;
			children = (
				DC39E9711BDE73940091A84B /* Base */,
			);
			name = LaunchScreen.storyboard;
			sourceTree = "<group>";
		};
/* End PBXVariantGroup section */

/* Begin XCBuildConfiguration section */
		DC39E9741BDE73940091A84B /* Debug */ = {
			isa = XCBuildConfiguration;
			buildSettings = {
				ALWAYS_SEARCH_USER_PATHS = NO;
				CLANG_CXX_LANGUAGE_STANDARD = "gnu++0x";
				CLANG_CXX_LIBRARY = "libc++";
				CLANG_ENABLE_MODULES = YES;
				CLANG_ENABLE_OBJC_ARC = YES;
				CLANG_WARN_BOOL_CONVERSION = YES;
				CLANG_WARN_CONSTANT_CONVERSION = YES;
				CLANG_WARN_DIRECT_OBJC_ISA_USAGE = YES_ERROR;
				CLANG_WARN_EMPTY_BODY = YES;
				CLANG_WARN_ENUM_CONVERSION = YES;
				CLANG_WARN_INT_CONVERSION = YES;
				CLANG_WARN_OBJC_ROOT_CLASS = YES_ERROR;
				CLANG_WARN_UNREACHABLE_CODE = YES;
				CLANG_WARN__DUPLICATE_METHOD_MATCH = YES;
				"CODE_SIGN_IDENTITY[sdk=iphoneos*]" = "iPhone Developer";
				COPY_PHASE_STRIP = NO;
				DEBUG_INFORMATION_FORMAT = dwarf;
				ENABLE_STRICT_OBJC_MSGSEND = YES;
				ENABLE_TESTABILITY = YES;
				GCC_C_LANGUAGE_STANDARD = gnu99;
				GCC_DYNAMIC_NO_PIC = NO;
				GCC_NO_COMMON_BLOCKS = YES;
				GCC_OPTIMIZATION_LEVEL = 0;
				GCC_PREPROCESSOR_DEFINITIONS = (
					"DEBUG=1",
					"$(inherited)",
				);
				GCC_WARN_64_TO_32_BIT_CONVERSION = YES;
				GCC_WARN_ABOUT_RETURN_TYPE = YES_ERROR;
				GCC_WARN_UNDECLARED_SELECTOR = YES;
				GCC_WARN_UNINITIALIZED_AUTOS = YES_AGGRESSIVE;
				GCC_WARN_UNUSED_FUNCTION = YES;
				GCC_WARN_UNUSED_VARIABLE = YES;
				IPHONEOS_DEPLOYMENT_TARGET = 9.0;
				MTL_ENABLE_DEBUG_INFO = YES;
				ONLY_ACTIVE_ARCH = YES;
				SDKROOT = iphoneos;
				SWIFT_OPTIMIZATION_LEVEL = "-Onone";
			};
			name = Debug;
		};
		DC39E9751BDE73940091A84B /* Release */ = {
			isa = XCBuildConfiguration;
			buildSettings = {
				ALWAYS_SEARCH_USER_PATHS = NO;
				CLANG_CXX_LANGUAGE_STANDARD = "gnu++0x";
				CLANG_CXX_LIBRARY = "libc++";
				CLANG_ENABLE_MODULES = YES;
				CLANG_ENABLE_OBJC_ARC = YES;
				CLANG_WARN_BOOL_CONVERSION = YES;
				CLANG_WARN_CONSTANT_CONVERSION = YES;
				CLANG_WARN_DIRECT_OBJC_ISA_USAGE = YES_ERROR;
				CLANG_WARN_EMPTY_BODY = YES;
				CLANG_WARN_ENUM_CONVERSION = YES;
				CLANG_WARN_INT_CONVERSION = YES;
				CLANG_WARN_OBJC_ROOT_CLASS = YES_ERROR;
				CLANG_WARN_UNREACHABLE_CODE = YES;
				CLANG_WARN__DUPLICATE_METHOD_MATCH = YES;
				"CODE_SIGN_IDENTITY[sdk=iphoneos*]" = "iPhone Developer";
				COPY_PHASE_STRIP = NO;
				DEBUG_INFORMATION_FORMAT = "dwarf-with-dsym";
				ENABLE_NS_ASSERTIONS = NO;
				ENABLE_STRICT_OBJC_MSGSEND = YES;
				GCC_C_LANGUAGE_STANDARD = gnu99;
				GCC_NO_COMMON_BLOCKS = YES;
				GCC_WARN_64_TO_32_BIT_CONVERSION = YES;
				GCC_WARN_ABOUT_RETURN_TYPE = YES_ERROR;
				GCC_WARN_UNDECLARED_SELECTOR = YES;
				GCC_WARN_UNINITIALIZED_AUTOS = YES_AGGRESSIVE;
				GCC_WARN_UNUSED_FUNCTION = YES;
				GCC_WARN_UNUSED_VARIABLE = YES;
				IPHONEOS_DEPLOYMENT_TARGET = 9.0;
				MTL_ENABLE_DEBUG_INFO = NO;
				SDKROOT = iphoneos;
				VALIDATE_PRODUCT = YES;
			};
			name = Release;
		};
		DC39E9771BDE73940091A84B /* Debug */ = {
			isa = XCBuildConfiguration;
			buildSettings = {
				ASSETCATALOG_COMPILER_APPICON_NAME = AppIcon;
				INFOPLIST_FILE = PersonUpdater/Info.plist;
				LD_RUNPATH_SEARCH_PATHS = "$(inherited) @executable_path/Frameworks";
				PRODUCT_BUNDLE_IDENTIFIER = "com.Brandon-Gottlob.PersonUpdater";
				PRODUCT_NAME = "$(TARGET_NAME)";
			};
			name = Debug;
		};
		DC39E9781BDE73940091A84B /* Release */ = {
			isa = XCBuildConfiguration;
			buildSettings = {
				ASSETCATALOG_COMPILER_APPICON_NAME = AppIcon;
				INFOPLIST_FILE = PersonUpdater/Info.plist;
				LD_RUNPATH_SEARCH_PATHS = "$(inherited) @executable_path/Frameworks";
				PRODUCT_BUNDLE_IDENTIFIER = "com.Brandon-Gottlob.PersonUpdater";
				PRODUCT_NAME = "$(TARGET_NAME)";
			};
			name = Release;
		};
/* End XCBuildConfiguration section */

/* Begin XCConfigurationList section */
		DC39E95F1BDE73940091A84B /* Build configuration list for PBXProject "PersonUpdater" */ = {
			isa = XCConfigurationList;
			buildConfigurations = (
				DC39E9741BDE73940091A84B /* Debug */,
				DC39E9751BDE73940091A84B /* Release */,
			);
			defaultConfigurationIsVisible = 0;
			defaultConfigurationName = Release;
		};
		DC39E9761BDE73940091A84B /* Build configuration list for PBXNativeTarget "PersonUpdater" */ = {
			isa = XCConfigurationList;
			buildConfigurations = (
				DC39E9771BDE73940091A84B /* Debug */,
				DC39E9781BDE73940091A84B /* Release */,
			);
			defaultConfigurationIsVisible = 0;
			defaultConfigurationName = Release;
		};
/* End XCConfigurationList section */
	};
	rootObject = DC39E95C1BDE73940091A84B /* Project object */;
}
